
Microsoft Visual Studio Solution File, Format Version 12.00
# Visual Studio Version 16
VisualStudioVersion = 16.0.31424.327
MinimumVisualStudioVersion = 10.0.40219.1
Project("{FAE04EC0-301F-11D3-BF4B-00C04F79EFBC}") = "MvcKutuphane", "MvcKutuphane\MvcKutuphane.csproj", "{3072E5D6-E168-43EF-9947-63C00FB3684B}"
EndProject
Global
	GlobalSection(SolutionConfigurationPlatforms) = preSolution
		Debug|Any CPU = Debug|Any CPU
		Release|Any CPU = Release|Any CPU
	EndGlobalSection
	GlobalSection(ProjectConfigurationPlatforms) = postSolution
		{3072E5D6-E168-43EF-9947-63C00FB3684B}.Debug|Any CPU.ActiveCfg = Debug|Any CPU
		{3072E5D6-E168-43EF-9947-63C00FB3684B}.Debug|Any CPU.Build.0 = Debug|Any CPU
		{3072E5D6-E168-43EF-9947-63C00FB3684B}.Release|Any CPU.ActiveCfg = Release|Any CPU
		{3072E5D6-E168-43EF-9947-63C00FB3684B}.Release|Any CPU.Build.0 = Release|Any CPU
	EndGlobalSection
	GlobalSection(SolutionProperties) = preSolution
		HideSolutionNode = FALSE
	EndGlobalSection
	GlobalSection(ExtensibilityGlobals) = postSolution
		SolutionGuid = {3CECF7BC-FC3D-45B3-A513-5F4B44D910D6}
	EndGlobalSection
EndGlobal
